// !$*UTF8*$!
{
	archiveVersion = 1;
	classes = {
	};
	objectVersion = 55;
	objects = {

/* Begin PBXBuildFile section */
		52EA3BA2B3A40E398F0142A3 /* Pods_MVVM_Example_closure_.framework in Frameworks */ = {isa = PBXBuildFile; fileRef = BC4AB52730149CC7AF1A3944 /* Pods_MVVM_Example_closure_.framework */; };
		FA86654428DE75C100E7B5C6 /* content.json in Resources */ = {isa = PBXBuildFile; fileRef = FA86654328DE75C100E7B5C6 /* content.json */; };
		FA86654828DE79BD00E7B5C6 /* PhotoDetailViewController.swift in Sources */ = {isa = PBXBuildFile; fileRef = FA86654628DE79BD00E7B5C6 /* PhotoDetailViewController.swift */; };
		FA86654928DE79BD00E7B5C6 /* PhotoDetailViewController.xib in Resources */ = {isa = PBXBuildFile; fileRef = FA86654728DE79BD00E7B5C6 /* PhotoDetailViewController.xib */; };
		FA86654B28DE7AA700E7B5C6 /* PhotoListViewController + TableViewDelegate.swift in Sources */ = {isa = PBXBuildFile; fileRef = FA86654A28DE7AA700E7B5C6 /* PhotoListViewController + TableViewDelegate.swift */; };
		FAA0848428DDF4D6000FD114 /* APIService.swift in Sources */ = {isa = PBXBuildFile; fileRef = FAA0848328DDF4D6000FD114 /* APIService.swift */; };
		FAC4043E28DE0E3200C8E752 /* PhotoListViewModel.swift in Sources */ = {isa = PBXBuildFile; fileRef = FAC4043D28DE0E3200C8E752 /* PhotoListViewModel.swift */; };
		FAC4044028DE0EC000C8E752 /* PhotoListCellViewModel.swift in Sources */ = {isa = PBXBuildFile; fileRef = FAC4043F28DE0EC000C8E752 /* PhotoListCellViewModel.swift */; };
		FAC4044228DE0EDB00C8E752 /* State.swift in Sources */ = {isa = PBXBuildFile; fileRef = FAC4044128DE0EDB00C8E752 /* State.swift */; };
		FAC4044A28DE1F6300C8E752 /* PhotoListCell.swift in Sources */ = {isa = PBXBuildFile; fileRef = FAC4044828DE1F6300C8E752 /* PhotoListCell.swift */; };
		FAC4044B28DE1F6300C8E752 /* PhotoListCell.xib in Resources */ = {isa = PBXBuildFile; fileRef = FAC4044928DE1F6300C8E752 /* PhotoListCell.xib */; };
		FAE6594528DDF084006E52FB /* AppDelegate.swift in Sources */ = {isa = PBXBuildFile; fileRef = FAE6594428DDF084006E52FB /* AppDelegate.swift */; };
		FAE6594728DDF084006E52FB /* SceneDelegate.swift in Sources */ = {isa = PBXBuildFile; fileRef = FAE6594628DDF084006E52FB /* SceneDelegate.swift */; };
		FAE6594928DDF084006E52FB /* PhotoListViewController.swift in Sources */ = {isa = PBXBuildFile; fileRef = FAE6594828DDF084006E52FB /* PhotoListViewController.swift */; };
		FAE6594C28DDF084006E52FB /* Main.storyboard in Resources */ = {isa = PBXBuildFile; fileRef = FAE6594A28DDF084006E52FB /* Main.storyboard */; };
		FAE6594E28DDF08C006E52FB /* Assets.xcassets in Resources */ = {isa = PBXBuildFile; fileRef = FAE6594D28DDF08C006E52FB /* Assets.xcassets */; };
		FAE6595128DDF08C006E52FB /* LaunchScreen.storyboard in Resources */ = {isa = PBXBuildFile; fileRef = FAE6594F28DDF08C006E52FB /* LaunchScreen.storyboard */; };
		FAE6595D28DDF346006E52FB /* Photos.swift in Sources */ = {isa = PBXBuildFile; fileRef = FAE6595C28DDF346006E52FB /* Photos.swift */; };
/* End PBXBuildFile section */

/* Begin PBXFileReference section */
		523B697BCC9846EF00C9AC60 /* Pods-MVVM Example(closure).debug.xcconfig */ = {isa = PBXFileReference; includeInIndex = 1; lastKnownFileType = text.xcconfig; name = "Pods-MVVM Example(closure).debug.xcconfig"; path = "Target Support Files/Pods-MVVM Example(closure)/Pods-MVVM Example(closure).debug.xcconfig"; sourceTree = "<group>"; };
		BC4AB52730149CC7AF1A3944 /* Pods_MVVM_Example_closure_.framework */ = {isa = PBXFileReference; explicitFileType = wrapper.framework; includeInIndex = 0; path = Pods_MVVM_Example_closure_.framework; sourceTree = BUILT_PRODUCTS_DIR; };
		E4015AC2B141DA8F99163010 /* Pods-MVVM Example(closure).release.xcconfig */ = {isa = PBXFileReference; includeInIndex = 1; lastKnownFileType = text.xcconfig; name = "Pods-MVVM Example(closure).release.xcconfig"; path = "Target Support Files/Pods-MVVM Example(closure)/Pods-MVVM Example(closure).release.xcconfig"; sourceTree = "<group>"; };
		FA86654328DE75C100E7B5C6 /* content.json */ = {isa = PBXFileReference; lastKnownFileType = text.json; path = content.json; sourceTree = "<group>"; };
		FA86654628DE79BD00E7B5C6 /* PhotoDetailViewController.swift */ = {isa = PBXFileReference; lastKnownFileType = sourcecode.swift; path = PhotoDetailViewController.swift; sourceTree = "<group>"; };
		FA86654728DE79BD00E7B5C6 /* PhotoDetailViewController.xib */ = {isa = PBXFileReference; lastKnownFileType = file.xib; path = PhotoDetailViewController.xib; sourceTree = "<group>"; };
		FA86654A28DE7AA700E7B5C6 /* PhotoListViewController + TableViewDelegate.swift */ = {isa = PBXFileReference; lastKnownFileType = sourcecode.swift; path = "PhotoListViewController + TableViewDelegate.swift"; sourceTree = "<group>"; };
		FAA0848328DDF4D6000FD114 /* APIService.swift */ = {isa = PBXFileReference; lastKnownFileType = sourcecode.swift; path = APIService.swift; sourceTree = "<group>"; };
		FAC4043D28DE0E3200C8E752 /* PhotoListViewModel.swift */ = {isa = PBXFileReference; lastKnownFileType = sourcecode.swift; path = PhotoListViewModel.swift; sourceTree = "<group>"; };
		FAC4043F28DE0EC000C8E752 /* PhotoListCellViewModel.swift */ = {isa = PBXFileReference; lastKnownFileType = sourcecode.swift; path = PhotoListCellViewModel.swift; sourceTree = "<group>"; };
		FAC4044128DE0EDB00C8E752 /* State.swift */ = {isa = PBXFileReference; lastKnownFileType = sourcecode.swift; path = State.swift; sourceTree = "<group>"; };
		FAC4044828DE1F6300C8E752 /* PhotoListCell.swift */ = {isa = PBXFileReference; lastKnownFileType = sourcecode.swift; path = PhotoListCell.swift; sourceTree = "<group>"; };
		FAC4044928DE1F6300C8E752 /* PhotoListCell.xib */ = {isa = PBXFileReference; lastKnownFileType = file.xib; path = PhotoListCell.xib; sourceTree = "<group>"; };
		FAE6594128DDF084006E52FB /* MVVM Example(closure).app */ = {isa = PBXFileReference; explicitFileType = wrapper.application; includeInIndex = 0; path = "MVVM Example(closure).app"; sourceTree = BUILT_PRODUCTS_DIR; };
		FAE6594428DDF084006E52FB /* AppDelegate.swift */ = {isa = PBXFileReference; lastKnownFileType = sourcecode.swift; path = AppDelegate.swift; sourceTree = "<group>"; };
		FAE6594628DDF084006E52FB /* SceneDelegate.swift */ = {isa = PBXFileReference; lastKnownFileType = sourcecode.swift; path = SceneDelegate.swift; sourceTree = "<group>"; };
		FAE6594828DDF084006E52FB /* PhotoListViewController.swift */ = {isa = PBXFileReference; lastKnownFileType = sourcecode.swift; path = PhotoListViewController.swift; sourceTree = "<group>"; };
		FAE6594B28DDF084006E52FB /* Base */ = {isa = PBXFileReference; lastKnownFileType = file.storyboard; name = Base; path = Base.lproj/Main.storyboard; sourceTree = "<group>"; };
		FAE6594D28DDF08C006E52FB /* Assets.xcassets */ = {isa = PBXFileReference; lastKnownFileType = folder.assetcatalog; path = Assets.xcassets; sourceTree = "<group>"; };
		FAE6595028DDF08C006E52FB /* Base */ = {isa = PBXFileReference; lastKnownFileType = file.storyboard; name = Base; path = Base.lproj/LaunchScreen.storyboard; sourceTree = "<group>"; };
		FAE6595228DDF08C006E52FB /* Info.plist */ = {isa = PBXFileReference; lastKnownFileType = text.plist.xml; path = Info.plist; sourceTree = "<group>"; };
		FAE6595C28DDF346006E52FB /* Photos.swift */ = {isa = PBXFileReference; lastKnownFileType = sourcecode.swift; path = Photos.swift; sourceTree = "<group>"; };
/* End PBXFileReference section */

/* Begin PBXFrameworksBuildPhase section */
		FAE6593E28DDF084006E52FB /* Frameworks */ = {
			isa = PBXFrameworksBuildPhase;
			buildActionMask = 2147483647;
			files = (
				52EA3BA2B3A40E398F0142A3 /* Pods_MVVM_Example_closure_.framework in Frameworks */,
			);
			runOnlyForDeploymentPostprocessing = 0;
		};
/* End PBXFrameworksBuildPhase section */

/* Begin PBXGroup section */
		C0B0B87FF033BAE8FBC86CD9 /* Frameworks */ = {
			isa = PBXGroup;
			children = (
				BC4AB52730149CC7AF1A3944 /* Pods_MVVM_Example_closure_.framework */,
			);
			name = Frameworks;
			sourceTree = "<group>";
		};
		ECD91710A42A571645DFBF72 /* Pods */ = {
			isa = PBXGroup;
			children = (
				523B697BCC9846EF00C9AC60 /* Pods-MVVM Example(closure).debug.xcconfig */,
				E4015AC2B141DA8F99163010 /* Pods-MVVM Example(closure).release.xcconfig */,
			);
			path = Pods;
			sourceTree = "<group>";
		};
		FA86654528DE79A200E7B5C6 /* PhotoDetail */ = {
			isa = PBXGroup;
			children = (
				FA86654628DE79BD00E7B5C6 /* PhotoDetailViewController.swift */,
				FA86654728DE79BD00E7B5C6 /* PhotoDetailViewController.xib */,
			);
			path = PhotoDetail;
			sourceTree = "<group>";
		};
		FAA0848628DDF7D2000FD114 /* PhotoList */ = {
			isa = PBXGroup;
			children = (
				FAC4043C28DE0C3800C8E752 /* ViewModel */,
				FAC4043B28DE0C3100C8E752 /* View */,
			);
			path = PhotoList;
			sourceTree = "<group>";
		};
		FAC4043B28DE0C3100C8E752 /* View */ = {
			isa = PBXGroup;
			children = (
				FAC4044328DE1EFC00C8E752 /* PhotoListCell */,
				FAE6594828DDF084006E52FB /* PhotoListViewController.swift */,
				FAE6594A28DDF084006E52FB /* Main.storyboard */,
				FA86654A28DE7AA700E7B5C6 /* PhotoListViewController + TableViewDelegate.swift */,
			);
			path = View;
			sourceTree = "<group>";
		};
		FAC4043C28DE0C3800C8E752 /* ViewModel */ = {
			isa = PBXGroup;
			children = (
				FAC4043D28DE0E3200C8E752 /* PhotoListViewModel.swift */,
				FAC4043F28DE0EC000C8E752 /* PhotoListCellViewModel.swift */,
				FAC4044128DE0EDB00C8E752 /* State.swift */,
			);
			path = ViewModel;
			sourceTree = "<group>";
		};
		FAC4044328DE1EFC00C8E752 /* PhotoListCell */ = {
			isa = PBXGroup;
			children = (
				FAC4044828DE1F6300C8E752 /* PhotoListCell.swift */,
				FAC4044928DE1F6300C8E752 /* PhotoListCell.xib */,
			);
			path = PhotoListCell;
			sourceTree = "<group>";
		};
		FAE6593828DDF083006E52FB = {
			isa = PBXGroup;
			children = (
				FAE6594328DDF084006E52FB /* MVVM Example(closure) */,
				FAE6594228DDF084006E52FB /* Products */,
				ECD91710A42A571645DFBF72 /* Pods */,
				C0B0B87FF033BAE8FBC86CD9 /* Frameworks */,
			);
			sourceTree = "<group>";
		};
		FAE6594228DDF084006E52FB /* Products */ = {
			isa = PBXGroup;
			children = (
				FAE6594128DDF084006E52FB /* MVVM Example(closure).app */,
			);
			name = Products;
			sourceTree = "<group>";
		};
		FAE6594328DDF084006E52FB /* MVVM Example(closure) */ = {
			isa = PBXGroup;
			children = (
				FAE6595928DDF320006E52FB /* Module */,
				FAE6595828DDF301006E52FB /* Model */,
				FAE6595A28DDF32D006E52FB /* Others */,
				FAE6595B28DDF334006E52FB /* Service */,
			);
			path = "MVVM Example(closure)";
			sourceTree = "<group>";
		};
		FAE6595828DDF301006E52FB /* Model */ = {
			isa = PBXGroup;
			children = (
				FAE6595C28DDF346006E52FB /* Photos.swift */,
			);
			path = Model;
			sourceTree = "<group>";
		};
		FAE6595928DDF320006E52FB /* Module */ = {
			isa = PBXGroup;
			children = (
				FA86654528DE79A200E7B5C6 /* PhotoDetail */,
				FAA0848628DDF7D2000FD114 /* PhotoList */,
			);
			path = Module;
			sourceTree = "<group>";
		};
		FAE6595A28DDF32D006E52FB /* Others */ = {
			isa = PBXGroup;
			children = (
				FAE6594D28DDF08C006E52FB /* Assets.xcassets */,
				FAE6594F28DDF08C006E52FB /* LaunchScreen.storyboard */,
				FAE6595228DDF08C006E52FB /* Info.plist */,
				FAE6594428DDF084006E52FB /* AppDelegate.swift */,
				FAE6594628DDF084006E52FB /* SceneDelegate.swift */,
			);
			path = Others;
			sourceTree = "<group>";
		};
		FAE6595B28DDF334006E52FB /* Service */ = {
			isa = PBXGroup;
			children = (
				FAA0848328DDF4D6000FD114 /* APIService.swift */,
				FA86654328DE75C100E7B5C6 /* content.json */,
			);
			path = Service;
			sourceTree = "<group>";
		};
/* End PBXGroup section */

/* Begin PBXNativeTarget section */
		FAE6594028DDF084006E52FB /* MVVM Example(closure) */ = {
			isa = PBXNativeTarget;
			buildConfigurationList = FAE6595528DDF08C006E52FB /* Build configuration list for PBXNativeTarget "MVVM Example(closure)" */;
			buildPhases = (
				7B4FC8F53EE25009DFCBDA7D /* [CP] Check Pods Manifest.lock */,
				FAE6593D28DDF084006E52FB /* Sources */,
				FAE6593E28DDF084006E52FB /* Frameworks */,
				FAE6593F28DDF084006E52FB /* Resources */,
				C576E7FCDFD23F677CE980DE /* [CP] Embed Pods Frameworks */,
			);
			buildRules = (
			);
			dependencies = (
			);
			name = "MVVM Example(closure)";
			productName = "MVVM Example(closure)";
			productReference = FAE6594128DDF084006E52FB /* MVVM Example(closure).app */;
			productType = "com.apple.product-type.application";
		};
/* End PBXNativeTarget section */

/* Begin PBXProject section */
		FAE6593928DDF083006E52FB /* Project object */ = {
			isa = PBXProject;
			attributes = {
				BuildIndependentTargetsInParallel = 1;
				LastSwiftUpdateCheck = 1340;
				LastUpgradeCheck = 1340;
				TargetAttributes = {
					FAE6594028DDF084006E52FB = {
						CreatedOnToolsVersion = 13.4.1;
					};
				};
			};
			buildConfigurationList = FAE6593C28DDF083006E52FB /* Build configuration list for PBXProject "MVVM Example(closure)" */;
			compatibilityVersion = "Xcode 13.0";
			developmentRegion = en;
			hasScannedForEncodings = 0;
			knownRegions = (
				en,
				Base,
			);
			mainGroup = FAE6593828DDF083006E52FB;
			productRefGroup = FAE6594228DDF084006E52FB /* Products */;
			projectDirPath = "";
			projectRoot = "";
			targets = (
				FAE6594028DDF084006E52FB /* MVVM Example(closure) */,
			);
		};
/* End PBXProject section */

/* Begin PBXResourcesBuildPhase section */
		FAE6593F28DDF084006E52FB /* Resources */ = {
			isa = PBXResourcesBuildPhase;
			buildActionMask = 2147483647;
			files = (
				FA86654928DE79BD00E7B5C6 /* PhotoDetailViewController.xib in Resources */,
				FAC4044B28DE1F6300C8E752 /* PhotoListCell.xib in Resources */,
				FAE6595128DDF08C006E52FB /* LaunchScreen.storyboard in Resources */,
				FAE6594E28DDF08C006E52FB /* Assets.xcassets in Resources */,
				FAE6594C28DDF084006E52FB /* Main.storyboard in Resources */,
				FA86654428DE75C100E7B5C6 /* content.json in Resources */,
			);
			runOnlyForDeploymentPostprocessing = 0;
		};
/* End PBXResourcesBuildPhase section */

/* Begin PBXShellScriptBuildPhase section */
		7B4FC8F53EE25009DFCBDA7D /* [CP] Check Pods Manifest.lock */ = {
			isa = PBXShellScriptBuildPhase;
			buildActionMask = 2147483647;
			files = (
			);
			inputFileListPaths = (
			);
			inputPaths = (
				"${PODS_PODFILE_DIR_PATH}/Podfile.lock",
				"${PODS_ROOT}/Manifest.lock",
			);
			name = "[CP] Check Pods Manifest.lock";
			outputFileListPaths = (
			);
			outputPaths = (
				"$(DERIVED_FILE_DIR)/Pods-MVVM Example(closure)-checkManifestLockResult.txt",
			);
			runOnlyForDeploymentPostprocessing = 0;
			shellPath = /bin/sh;
			shellScript = "diff \"${PODS_PODFILE_DIR_PATH}/Podfile.lock\" \"${PODS_ROOT}/Manifest.lock\" > /dev/null\nif [ $? != 0 ] ; then\n    # print error to STDERR\n    echo \"error: The sandbox is not in sync with the Podfile.lock. Run 'pod install' or update your CocoaPods installation.\" >&2\n    exit 1\nfi\n# This output is used by Xcode 'outputs' to avoid re-running this script phase.\necho \"SUCCESS\" > \"${SCRIPT_OUTPUT_FILE_0}\"\n";
			showEnvVarsInLog = 0;
		};
		C576E7FCDFD23F677CE980DE /* [CP] Embed Pods Frameworks */ = {
			isa = PBXShellScriptBuildPhase;
			buildActionMask = 2147483647;
			files = (
			);
			inputFileListPaths = (
				"${PODS_ROOT}/Target Support Files/Pods-MVVM Example(closure)/Pods-MVVM Example(closure)-frameworks-${CONFIGURATION}-input-files.xcfilelist",
			);
			name = "[CP] Embed Pods Frameworks";
			outputFileListPaths = (
				"${PODS_ROOT}/Target Support Files/Pods-MVVM Example(closure)/Pods-MVVM Example(closure)-frameworks-${CONFIGURATION}-output-files.xcfilelist",
			);
			runOnlyForDeploymentPostprocessing = 0;
			shellPath = /bin/sh;
			shellScript = "\"${PODS_ROOT}/Target Support Files/Pods-MVVM Example(closure)/Pods-MVVM Example(closure)-frameworks.sh\"\n";
			showEnvVarsInLog = 0;
		};
/* End PBXShellScriptBuildPhase section */

/* Begin PBXSourcesBuildPhase section */
		FAE6593D28DDF084006E52FB /* Sources */ = {
			isa = PBXSourcesBuildPhase;
			buildActionMask = 2147483647;
			files = (
				FAE6595D28DDF346006E52FB /* Photos.swift in Sources */,
				FAC4043E28DE0E3200C8E752 /* PhotoListViewModel.swift in Sources */,
				FAA0848428DDF4D6000FD114 /* APIService.swift in Sources */,
				FA86654B28DE7AA700E7B5C6 /* PhotoListViewController + TableViewDelegate.swift in Sources */,
				FAC4044028DE0EC000C8E752 /* PhotoListCellViewModel.swift in Sources */,
				FAC4044A28DE1F6300C8E752 /* PhotoListCell.swift in Sources */,
				FAE6594928DDF084006E52FB /* PhotoListViewController.swift in Sources */,
				FAE6594528DDF084006E52FB /* AppDelegate.swift in Sources */,
				FAE6594728DDF084006E52FB /* SceneDelegate.swift in Sources */,
				FA86654828DE79BD00E7B5C6 /* PhotoDetailViewController.swift in Sources */,
				FAC4044228DE0EDB00C8E752 /* State.swift in Sources */,
			);
			runOnlyForDeploymentPostprocessing = 0;
		};
/* End PBXSourcesBuildPhase section */

/* Begin PBXVariantGroup section */
		FAE6594A28DDF084006E52FB /* Main.storyboard */ = {
			isa = PBXVariantGroup;
			children = (
				FAE6594B28DDF084006E52FB /* Base */,
			);
			name = Main.storyboard;
			sourceTree = "<group>";
		};
		FAE6594F28DDF08C006E52FB /* LaunchScreen.storyboard */ = {
			isa = PBXVariantGroup;
			children = (
				FAE6595028DDF08C006E52FB /* Base */,
			);
			name = LaunchScreen.storyboard;
			sourceTree = "<group>";
		};
/* End PBXVariantGroup section */

/* Begin XCBuildConfiguration section */
		FAE6595328DDF08C006E52FB /* Debug */ = {
			isa = XCBuildConfiguration;
			buildSettings = {
				ALWAYS_SEARCH_USER_PATHS = NO;
				CLANG_ANALYZER_NONNULL = YES;
				CLANG_ANALYZER_NUMBER_OBJECT_CONVERSION = YES_AGGRESSIVE;
				CLANG_CXX_LANGUAGE_STANDARD = "gnu++17";
				CLANG_ENABLE_MODULES = YES;
				CLANG_ENABLE_OBJC_ARC = YES;
				CLANG_ENABLE_OBJC_WEAK = YES;
				CLANG_WARN_BLOCK_CAPTURE_AUTORELEASING = YES;
				CLANG_WARN_BOOL_CONVERSION = YES;
				CLANG_WARN_COMMA = YES;
				CLANG_WARN_CONSTANT_CONVERSION = YES;
				CLANG_WARN_DEPRECATED_OBJC_IMPLEMENTATIONS = YES;
				CLANG_WARN_DIRECT_OBJC_ISA_USAGE = YES_ERROR;
				CLANG_WARN_DOCUMENTATION_COMMENTS = YES;
				CLANG_WARN_EMPTY_BODY = YES;
				CLANG_WARN_ENUM_CONVERSION = YES;
				CLANG_WARN_INFINITE_RECURSION = YES;
				CLANG_WARN_INT_CONVERSION = YES;
				CLANG_WARN_NON_LITERAL_NULL_CONVERSION = YES;
				CLANG_WARN_OBJC_IMPLICIT_RETAIN_SELF = YES;
				CLANG_WARN_OBJC_LITERAL_CONVERSION = YES;
				CLANG_WARN_OBJC_ROOT_CLASS = YES_ERROR;
				CLANG_WARN_QUOTED_INCLUDE_IN_FRAMEWORK_HEADER = YES;
				CLANG_WARN_RANGE_LOOP_ANALYSIS = YES;
				CLANG_WARN_STRICT_PROTOTYPES = YES;
				CLANG_WARN_SUSPICIOUS_MOVE = YES;
				CLANG_WARN_UNGUARDED_AVAILABILITY = YES_AGGRESSIVE;
				CLANG_WARN_UNREACHABLE_CODE = YES;
				CLANG_WARN__DUPLICATE_METHOD_MATCH = YES;
				COPY_PHASE_STRIP = NO;
				DEBUG_INFORMATION_FORMAT = dwarf;
				ENABLE_STRICT_OBJC_MSGSEND = YES;
				ENABLE_TESTABILITY = YES;
				GCC_C_LANGUAGE_STANDARD = gnu11;
				GCC_DYNAMIC_NO_PIC = NO;
				GCC_NO_COMMON_BLOCKS = YES;
				GCC_OPTIMIZATION_LEVEL = 0;
				GCC_PREPROCESSOR_DEFINITIONS = (
					"DEBUG=1",
					"$(inherited)",
				);
				GCC_WARN_64_TO_32_BIT_CONVERSION = YES;
				GCC_WARN_ABOUT_RETURN_TYPE = YES_ERROR;
				GCC_WARN_UNDECLARED_SELECTOR = YES;
				GCC_WARN_UNINITIALIZED_AUTOS = YES_AGGRESSIVE;
				GCC_WARN_UNUSED_FUNCTION = YES;
				GCC_WARN_UNUSED_VARIABLE = YES;
				IPHONEOS_DEPLOYMENT_TARGET = 15.5;
				MTL_ENABLE_DEBUG_INFO = INCLUDE_SOURCE;
				MTL_FAST_MATH = YES;
				ONLY_ACTIVE_ARCH = YES;
				SDKROOT = iphoneos;
				SWIFT_ACTIVE_COMPILATION_CONDITIONS = DEBUG;
				SWIFT_OPTIMIZATION_LEVEL = "-Onone";
			};
			name = Debug;
		};
		FAE6595428DDF08C006E52FB /* Release */ = {
			isa = XCBuildConfiguration;
			buildSettings = {
				ALWAYS_SEARCH_USER_PATHS = NO;
				CLANG_ANALYZER_NONNULL = YES;
				CLANG_ANALYZER_NUMBER_OBJECT_CONVERSION = YES_AGGRESSIVE;
				CLANG_CXX_LANGUAGE_STANDARD = "gnu++17";
				CLANG_ENABLE_MODULES = YES;
				CLANG_ENABLE_OBJC_ARC = YES;
				CLANG_ENABLE_OBJC_WEAK = YES;
				CLANG_WARN_BLOCK_CAPTURE_AUTORELEASING = YES;
				CLANG_WARN_BOOL_CONVERSION = YES;
				CLANG_WARN_COMMA = YES;
				CLANG_WARN_CONSTANT_CONVERSION = YES;
				CLANG_WARN_DEPRECATED_OBJC_IMPLEMENTATIONS = YES;
				CLANG_WARN_DIRECT_OBJC_ISA_USAGE = YES_ERROR;
				CLANG_WARN_DOCUMENTATION_COMMENTS = YES;
				CLANG_WARN_EMPTY_BODY = YES;
				CLANG_WARN_ENUM_CONVERSION = YES;
				CLANG_WARN_INFINITE_RECURSION = YES;
				CLANG_WARN_INT_CONVERSION = YES;
				CLANG_WARN_NON_LITERAL_NULL_CONVERSION = YES;
				CLANG_WARN_OBJC_IMPLICIT_RETAIN_SELF = YES;
				CLANG_WARN_OBJC_LITERAL_CONVERSION = YES;
				CLANG_WARN_OBJC_ROOT_CLASS = YES_ERROR;
				CLANG_WARN_QUOTED_INCLUDE_IN_FRAMEWORK_HEADER = YES;
				CLANG_WARN_RANGE_LOOP_ANALYSIS = YES;
				CLANG_WARN_STRICT_PROTOTYPES = YES;
				CLANG_WARN_SUSPICIOUS_MOVE = YES;
				CLANG_WARN_UNGUARDED_AVAILABILITY = YES_AGGRESSIVE;
				CLANG_WARN_UNREACHABLE_CODE = YES;
				CLANG_WARN__DUPLICATE_METHOD_MATCH = YES;
				COPY_PHASE_STRIP = NO;
				DEBUG_INFORMATION_FORMAT = "dwarf-with-dsym";
				ENABLE_NS_ASSERTIONS = NO;
				ENABLE_STRICT_OBJC_MSGSEND = YES;
				GCC_C_LANGUAGE_STANDARD = gnu11;
				GCC_NO_COMMON_BLOCKS = YES;
				GCC_WARN_64_TO_32_BIT_CONVERSION = YES;
				GCC_WARN_ABOUT_RETURN_TYPE = YES_ERROR;
				GCC_WARN_UNDECLARED_SELECTOR = YES;
				GCC_WARN_UNINITIALIZED_AUTOS = YES_AGGRESSIVE;
				GCC_WARN_UNUSED_FUNCTION = YES;
				GCC_WARN_UNUSED_VARIABLE = YES;
				IPHONEOS_DEPLOYMENT_TARGET = 15.5;
				MTL_ENABLE_DEBUG_INFO = NO;
				MTL_FAST_MATH = YES;
				SDKROOT = iphoneos;
				SWIFT_COMPILATION_MODE = wholemodule;
				SWIFT_OPTIMIZATION_LEVEL = "-O";
				VALIDATE_PRODUCT = YES;
			};
			name = Release;
		};
		FAE6595628DDF08C006E52FB /* Debug */ = {
			isa = XCBuildConfiguration;
			baseConfigurationReference = 523B697BCC9846EF00C9AC60 /* Pods-MVVM Example(closure).debug.xcconfig */;
			buildSettings = {
				ASSETCATALOG_COMPILER_APPICON_NAME = AppIcon;
				ASSETCATALOG_COMPILER_GLOBAL_ACCENT_COLOR_NAME = AccentColor;
				CODE_SIGN_STYLE = Automatic;
				CURRENT_PROJECT_VERSION = 1;
				DEVELOPMENT_TEAM = E9SL46C878;
				GENERATE_INFOPLIST_FILE = YES;
				INFOPLIST_FILE = "MVVM Example(closure)/Others/Info.plist";
				INFOPLIST_KEY_UIApplicationSupportsIndirectInputEvents = YES;
				INFOPLIST_KEY_UILaunchStoryboardName = LaunchScreen;
				INFOPLIST_KEY_UIMainStoryboardFile = Main;
				INFOPLIST_KEY_UISupportedInterfaceOrientations_iPad = "UIInterfaceOrientationPortrait UIInterfaceOrientationPortraitUpsideDown UIInterfaceOrientationLandscapeLeft UIInterfaceOrientationLandscapeRight";
				INFOPLIST_KEY_UISupportedInterfaceOrientations_iPhone = "UIInterfaceOrientationPortrait UIInterfaceOrientationLandscapeLeft UIInterfaceOrientationLandscapeRight";
				LD_RUNPATH_SEARCH_PATHS = (
					"$(inherited)",
					"@executable_path/Frameworks",
				);
				MARKETING_VERSION = 1.0;
				PRODUCT_BUNDLE_IDENTIFIER = "app.MVVM-Example-closure-";
				PRODUCT_NAME = "$(TARGET_NAME)";
				SWIFT_EMIT_LOC_STRINGS = YES;
				SWIFT_VERSION = 5.0;
				TARGETED_DEVICE_FAMILY = "1,2";
			};
			name = Debug;
		};
		FAE6595728DDF08C006E52FB /* Release */ = {
			isa = XCBuildConfiguration;
			baseConfigurationReference = E4015AC2B141DA8F99163010 /* Pods-MVVM Example(closure).release.xcconfig */;
			buildSettings = {
				ASSETCATALOG_COMPILER_APPICON_NAME = AppIcon;
				ASSETCATALOG_COMPILER_GLOBAL_ACCENT_COLOR_NAME = AccentColor;
				CODE_SIGN_STYLE = Automatic;
				CURRENT_PROJECT_VERSION = 1;
				DEVELOPMENT_TEAM = E9SL46C878;
				GENERATE_INFOPLIST_FILE = YES;
				INFOPLIST_FILE = "MVVM Example(closure)/Others/Info.plist";
				INFOPLIST_KEY_UIApplicationSupportsIndirectInputEvents = YES;
				INFOPLIST_KEY_UILaunchStoryboardName = LaunchScreen;
				INFOPLIST_KEY_UIMainStoryboardFile = Main;
				INFOPLIST_KEY_UISupportedInterfaceOrientations_iPad = "UIInterfaceOrientationPortrait UIInterfaceOrientationPortraitUpsideDown UIInterfaceOrientationLandscapeLeft UIInterfaceOrientationLandscapeRight";
				INFOPLIST_KEY_UISupportedInterfaceOrientations_iPhone = "UIInterfaceOrientationPortrait UIInterfaceOrientationLandscapeLeft UIInterfaceOrientationLandscapeRight";
				LD_RUNPATH_SEARCH_PATHS = (
					"$(inherited)",
					"@executable_path/Frameworks",
				);
				MARKETING_VERSION = 1.0;
				PRODUCT_BUNDLE_IDENTIFIER = "app.MVVM-Example-closure-";
				PRODUCT_NAME = "$(TARGET_NAME)";
				SWIFT_EMIT_LOC_STRINGS = YES;
				SWIFT_VERSION = 5.0;
				TARGETED_DEVICE_FAMILY = "1,2";
			};
			name = Release;
		};
/* End XCBuildConfiguration section */

/* Begin XCConfigurationList section */
		FAE6593C28DDF083006E52FB /* Build configuration list for PBXProject "MVVM Example(closure)" */ = {
			isa = XCConfigurationList;
			buildConfigurations = (
				FAE6595328DDF08C006E52FB /* Debug */,
				FAE6595428DDF08C006E52FB /* Release */,
			);
			defaultConfigurationIsVisible = 0;
			defaultConfigurationName = Release;
		};
		FAE6595528DDF08C006E52FB /* Build configuration list for PBXNativeTarget "MVVM Example(closure)" */ = {
			isa = XCConfigurationList;
			buildConfigurations = (
				FAE6595628DDF08C006E52FB /* Debug */,
				FAE6595728DDF08C006E52FB /* Release */,
			);
			defaultConfigurationIsVisible = 0;
			defaultConfigurationName = Release;
		};
/* End XCConfigurationList section */
	};
	rootObject = FAE6593928DDF083006E52FB /* Project object */;
}
